// !$*UTF8*$!
{
	archiveVersion = 1;
	classes = {
	};
	objectVersion = 46;
	objects = {

/* Begin PBXBuildFile section */
		EFC4582C1CA529E700421855 /* main.m in Sources */ = {isa = PBXBuildFile; fileRef = EFC4582B1CA529E700421855 /* main.m */; };
		EFC4582F1CA529E700421855 /* AppDelegate.m in Sources */ = {isa = PBXBuildFile; fileRef = EFC4582E1CA529E700421855 /* AppDelegate.m */; };
		EFC458321CA529E700421855 /* ViewController.m in Sources */ = {isa = PBXBuildFile; fileRef = EFC458311CA529E700421855 /* ViewController.m */; };
		EFC458351CA529E700421855 /* Main.storyboard in Resources */ = {isa = PBXBuildFile; fileRef = EFC458331CA529E700421855 /* Main.storyboard */; };
		EFC458371CA529E700421855 /* Assets.xcassets in Resources */ = {isa = PBXBuildFile; fileRef = EFC458361CA529E700421855 /* Assets.xcassets */; };
		EFC4583A1CA529E700421855 /* LaunchScreen.storyboard in Resources */ = {isa = PBXBuildFile; fileRef = EFC458381CA529E700421855 /* LaunchScreen.storyboard */; };
		EFC458451CA529E700421855 /* re_MVVMRACTests.m in Sources */ = {isa = PBXBuildFile; fileRef = EFC458441CA529E700421855 /* re_MVVMRACTests.m */; };
		EFC458501CA529E700421855 /* re_MVVMRACUITests.m in Sources */ = {isa = PBXBuildFile; fileRef = EFC4584F1CA529E700421855 /* re_MVVMRACUITests.m */; };
/* End PBXBuildFile section */

/* Begin PBXContainerItemProxy section */
		EFC458411CA529E700421855 /* PBXContainerItemProxy */ = {
			isa = PBXContainerItemProxy;
			containerPortal = EFC4581F1CA529E700421855 /* Project object */;
			proxyType = 1;
			remoteGlobalIDString = EFC458261CA529E700421855;
			remoteInfo = "re-MVVMRAC";
		};
		EFC4584C1CA529E700421855 /* PBXContainerItemProxy */ = {
			isa = PBXContainerItemProxy;
			containerPortal = EFC4581F1CA529E700421855 /* Project object */;
			proxyType = 1;
			remoteGlobalIDString = EFC458261CA529E700421855;
			remoteInfo = "re-MVVMRAC";
		};
/* End PBXContainerItemProxy section */

/* Begin PBXFileReference section */
		EFC458271CA529E700421855 /* re-MVVMRAC.app */ = {isa = PBXFileReference; explicitFileType = wrapper.application; includeInIndex = 0; path = "re-MVVMRAC.app"; sourceTree = BUILT_PRODUCTS_DIR; };
		EFC4582B1CA529E700421855 /* main.m */ = {isa = PBXFileReference; lastKnownFileType = sourcecode.c.objc; path = main.m; sourceTree = "<group>"; };
		EFC4582D1CA529E700421855 /* AppDelegate.h */ = {isa = PBXFileReference; lastKnownFileType = sourcecode.c.h; path = AppDelegate.h; sourceTree = "<group>"; };
		EFC4582E1CA529E700421855 /* AppDelegate.m */ = {isa = PBXFileReference; lastKnownFileType = sourcecode.c.objc; path = AppDelegate.m; sourceTree = "<group>"; };
		EFC458301CA529E700421855 /* ViewController.h */ = {isa = PBXFileReference; lastKnownFileType = sourcecode.c.h; path = ViewController.h; sourceTree = "<group>"; };
		EFC458311CA529E700421855 /* ViewController.m */ = {isa = PBXFileReference; lastKnownFileType = sourcecode.c.objc; path = ViewController.m; sourceTree = "<group>"; };
		EFC458341CA529E700421855 /* Base */ = {isa = PBXFileReference; lastKnownFileType = file.storyboard; name = Base; path = Base.lproj/Main.storyboard; sourceTree = "<group>"; };
		EFC458361CA529E700421855 /* Assets.xcassets */ = {isa = PBXFileReference; lastKnownFileType = folder.assetcatalog; path = Assets.xcassets; sourceTree = "<group>"; };
		EFC458391CA529E700421855 /* Base */ = {isa = PBXFileReference; lastKnownFileType = file.storyboard; name = Base; path = Base.lproj/LaunchScreen.storyboard; sourceTree = "<group>"; };
		EFC4583B1CA529E700421855 /* Info.plist */ = {isa = PBXFileReference; lastKnownFileType = text.plist.xml; path = Info.plist; sourceTree = "<group>"; };
		EFC458401CA529E700421855 /* re-MVVMRACTests.xctest */ = {isa = PBXFileReference; explicitFileType = wrapper.cfbundle; includeInIndex = 0; path = "re-MVVMRACTests.xctest"; sourceTree = BUILT_PRODUCTS_DIR; };
		EFC458441CA529E700421855 /* re_MVVMRACTests.m */ = {isa = PBXFileReference; lastKnownFileType = sourcecode.c.objc; path = re_MVVMRACTests.m; sourceTree = "<group>"; };
		EFC458461CA529E700421855 /* Info.plist */ = {isa = PBXFileReference; lastKnownFileType = text.plist.xml; path = Info.plist; sourceTree = "<group>"; };
		EFC4584B1CA529E700421855 /* re-MVVMRACUITests.xctest */ = {isa = PBXFileReference; explicitFileType = wrapper.cfbundle; includeInIndex = 0; path = "re-MVVMRACUITests.xctest"; sourceTree = BUILT_PRODUCTS_DIR; };
		EFC4584F1CA529E700421855 /* re_MVVMRACUITests.m */ = {isa = PBXFileReference; lastKnownFileType = sourcecode.c.objc; path = re_MVVMRACUITests.m; sourceTree = "<group>"; };
		EFC458511CA529E700421855 /* Info.plist */ = {isa = PBXFileReference; lastKnownFileType = text.plist.xml; path = Info.plist; sourceTree = "<group>"; };
/* End PBXFileReference section */

/* Begin PBXFrameworksBuildPhase section */
		EFC458241CA529E700421855 /* Frameworks */ = {
			isa = PBXFrameworksBuildPhase;
			buildActionMask = 2147483647;
			files = (
			);
			runOnlyForDeploymentPostprocessing = 0;
		};
		EFC4583D1CA529E700421855 /* Frameworks */ = {
			isa = PBXFrameworksBuildPhase;
			buildActionMask = 2147483647;
			files = (
			);
			runOnlyForDeploymentPostprocessing = 0;
		};
		EFC458481CA529E700421855 /* Frameworks */ = {
			isa = PBXFrameworksBuildPhase;
			buildActionMask = 2147483647;
			files = (
			);
			runOnlyForDeploymentPostprocessing = 0;
		};
/* End PBXFrameworksBuildPhase section */

/* Begin PBXGroup section */
		EFC4581E1CA529E600421855 = {
			isa = PBXGroup;
			children = (
				EFC458291CA529E700421855 /* re-MVVMRAC */,
				EFC458431CA529E700421855 /* re-MVVMRACTests */,
				EFC4584E1CA529E700421855 /* re-MVVMRACUITests */,
				EFC458281CA529E700421855 /* Products */,
			);
			sourceTree = "<group>";
		};
		EFC458281CA529E700421855 /* Products */ = {
			isa = PBXGroup;
			children = (
				EFC458271CA529E700421855 /* re-MVVMRAC.app */,
				EFC458401CA529E700421855 /* re-MVVMRACTests.xctest */,
				EFC4584B1CA529E700421855 /* re-MVVMRACUITests.xctest */,
			);
			name = Products;
			sourceTree = "<group>";
		};
		EFC458291CA529E700421855 /* re-MVVMRAC */ = {
			isa = PBXGroup;
			children = (
				EFC4582D1CA529E700421855 /* AppDelegate.h */,
				EFC4582E1CA529E700421855 /* AppDelegate.m */,
				EFC458301CA529E700421855 /* ViewController.h */,
				EFC458311CA529E700421855 /* ViewController.m */,
				EFC458331CA529E700421855 /* Main.storyboard */,
				EFC458361CA529E700421855 /* Assets.xcassets */,
				EFC458381CA529E700421855 /* LaunchScreen.storyboard */,
				EFC4583B1CA529E700421855 /* Info.plist */,
				EFC4582A1CA529E700421855 /* Supporting Files */,
			);
			path = "re-MVVMRAC";
			sourceTree = "<group>";
		};
		EFC4582A1CA529E700421855 /* Supporting Files */ = {
			isa = PBXGroup;
			children = (
				EFC4582B1CA529E700421855 /* main.m */,
			);
			name = "Supporting Files";
			sourceTree = "<group>";
		};
		EFC458431CA529E700421855 /* re-MVVMRACTests */ = {
			isa = PBXGroup;
			children = (
				EFC458441CA529E700421855 /* re_MVVMRACTests.m */,
				EFC458461CA529E700421855 /* Info.plist */,
			);
			path = "re-MVVMRACTests";
			sourceTree = "<group>";
		};
		EFC4584E1CA529E700421855 /* re-MVVMRACUITests */ = {
			isa = PBXGroup;
			children = (
				EFC4584F1CA529E700421855 /* re_MVVMRACUITests.m */,
				EFC458511CA529E700421855 /* Info.plist */,
			);
			path = "re-MVVMRACUITests";
			sourceTree = "<group>";
		};
/* End PBXGroup section */

/* Begin PBXNativeTarget section */
		EFC458261CA529E700421855 /* re-MVVMRAC */ = {
			isa = PBXNativeTarget;
			buildConfigurationList = EFC458541CA529E700421855 /* Build configuration list for PBXNativeTarget "re-MVVMRAC" */;
			buildPhases = (
				EFC458231CA529E700421855 /* Sources */,
				EFC458241CA529E700421855 /* Frameworks */,
				EFC458251CA529E700421855 /* Resources */,
			);
			buildRules = (
			);
			dependencies = (
			);
			name = "re-MVVMRAC";
			productName = "re-MVVMRAC";
			productReference = EFC458271CA529E700421855 /* re-MVVMRAC.app */;
			productType = "com.apple.product-type.application";
		};
		EFC4583F1CA529E700421855 /* re-MVVMRACTests */ = {
			isa = PBXNativeTarget;
			buildConfigurationList = EFC458571CA529E700421855 /* Build configuration list for PBXNativeTarget "re-MVVMRACTests" */;
			buildPhases = (
				EFC4583C1CA529E700421855 /* Sources */,
				EFC4583D1CA529E700421855 /* Frameworks */,
				EFC4583E1CA529E700421855 /* Resources */,
			);
			buildRules = (
			);
			dependencies = (
				EFC458421CA529E700421855 /* PBXTargetDependency */,
			);
			name = "re-MVVMRACTests";
			productName = "re-MVVMRACTests";
			productReference = EFC458401CA529E700421855 /* re-MVVMRACTests.xctest */;
			productType = "com.apple.product-type.bundle.unit-test";
		};
		EFC4584A1CA529E700421855 /* re-MVVMRACUITests */ = {
			isa = PBXNativeTarget;
			buildConfigurationList = EFC4585A1CA529E700421855 /* Build configuration list for PBXNativeTarget "re-MVVMRACUITests" */;
			buildPhases = (
				EFC458471CA529E700421855 /* Sources */,
				EFC458481CA529E700421855 /* Frameworks */,
				EFC458491CA529E700421855 /* Resources */,
			);
			buildRules = (
			);
			dependencies = (
				EFC4584D1CA529E700421855 /* PBXTargetDependency */,
			);
			name = "re-MVVMRACUITests";
			productName = "re-MVVMRACUITests";
			productReference = EFC4584B1CA529E700421855 /* re-MVVMRACUITests.xctest */;
			productType = "com.apple.product-type.bundle.ui-testing";
		};
/* End PBXNativeTarget section */

/* Begin PBXProject section */
		EFC4581F1CA529E700421855 /* Project object */ = {
			isa = PBXProject;
			attributes = {
				LastUpgradeCheck = 0720;
				ORGANIZATIONNAME = PilotLabHome;
				TargetAttributes = {
					EFC458261CA529E700421855 = {
						CreatedOnToolsVersion = 7.2.1;
					};
					EFC4583F1CA529E700421855 = {
						CreatedOnToolsVersion = 7.2.1;
						TestTargetID = EFC458261CA529E700421855;
					};
					EFC4584A1CA529E700421855 = {
						CreatedOnToolsVersion = 7.2.1;
						TestTargetID = EFC458261CA529E700421855;
					};
				};
			};
			buildConfigurationList = EFC458221CA529E700421855 /* Build configuration list for PBXProject "re-MVVMRAC" */;
			compatibilityVersion = "Xcode 3.2";
			developmentRegion = English;
			hasScannedForEncodings = 0;
			knownRegions = (
				en,
				Base,
			);
			mainGroup = EFC4581E1CA529E600421855;
			productRefGroup = EFC458281CA529E700421855 /* Products */;
			projectDirPath = "";
			projectRoot = "";
			targets = (
				EFC458261CA529E700421855 /* re-MVVMRAC */,
				EFC4583F1CA529E700421855 /* re-MVVMRACTests */,
				EFC4584A1CA529E700421855 /* re-MVVMRACUITests */,
			);
		};
/* End PBXProject section */

/* Begin PBXResourcesBuildPhase section */
		EFC458251CA529E700421855 /* Resources */ = {
			isa = PBXResourcesBuildPhase;
			buildActionMask = 2147483647;
			files = (
				EFC4583A1CA529E700421855 /* LaunchScreen.storyboard in Resources */,
				EFC458371CA529E700421855 /* Assets.xcassets in Resources */,
				EFC458351CA529E700421855 /* Main.storyboard in Resources */,
			);
			runOnlyForDeploymentPostprocessing = 0;
		};
		EFC4583E1CA529E700421855 /* Resources */ = {
			isa = PBXResourcesBuildPhase;
			buildActionMask = 2147483647;
			files = (
			);
			runOnlyForDeploymentPostprocessing = 0;
		};
		EFC458491CA529E700421855 /* Resources */ = {
			isa = PBXResourcesBuildPhase;
			buildActionMask = 2147483647;
			files = (
			);
			runOnlyForDeploymentPostprocessing = 0;
		};
/* End PBXResourcesBuildPhase section */

/* Begin PBXSourcesBuildPhase section */
		EFC458231CA529E700421855 /* Sources */ = {
			isa = PBXSourcesBuildPhase;
			buildActionMask = 2147483647;
			files = (
				EFC458321CA529E700421855 /* ViewController.m in Sources */,
				EFC4582F1CA529E700421855 /* AppDelegate.m in Sources */,
				EFC4582C1CA529E700421855 /* main.m in Sources */,
			);
			runOnlyForDeploymentPostprocessing = 0;
		};
		EFC4583C1CA529E700421855 /* Sources */ = {
			isa = PBXSourcesBuildPhase;
			buildActionMask = 2147483647;
			files = (
				EFC458451CA529E700421855 /* re_MVVMRACTests.m in Sources */,
			);
			runOnlyForDeploymentPostprocessing = 0;
		};
		EFC458471CA529E700421855 /* Sources */ = {
			isa = PBXSourcesBuildPhase;
			buildActionMask = 2147483647;
			files = (
				EFC458501CA529E700421855 /* re_MVVMRACUITests.m in Sources */,
			);
			runOnlyForDeploymentPostprocessing = 0;
		};
/* End PBXSourcesBuildPhase section */

/* Begin PBXTargetDependency section */
		EFC458421CA529E700421855 /* PBXTargetDependency */ = {
			isa = PBXTargetDependency;
			target = EFC458261CA529E700421855 /* re-MVVMRAC */;
			targetProxy = EFC458411CA529E700421855 /* PBXContainerItemProxy */;
		};
		EFC4584D1CA529E700421855 /* PBXTargetDependency */ = {
			isa = PBXTargetDependency;
			target = EFC458261CA529E700421855 /* re-MVVMRAC */;
			targetProxy = EFC4584C1CA529E700421855 /* PBXContainerItemProxy */;
		};
/* End PBXTargetDependency section */

/* Begin PBXVariantGroup section */
		EFC458331CA529E700421855 /* Main.storyboard */ = {
			isa = PBXVariantGroup;
			children = (
				EFC458341CA529E700421855 /* Base */,
			);
			name = Main.storyboard;
			sourceTree = "<group>";
		};
		EFC458381CA529E700421855 /* LaunchScreen.storyboard */ = {
			isa = PBXVariantGroup;
			children = (
				EFC458391CA529E700421855 /* Base */,
			);
			name = LaunchScreen.storyboard;
			sourceTree = "<group>";
		};
/* End PBXVariantGroup section */

/* Begin XCBuildConfiguration section */
		EFC458521CA529E700421855 /* Debug */ = {
			isa = XCBuildConfiguration;
			buildSettings = {
				ALWAYS_SEARCH_USER_PATHS = NO;
				CLANG_CXX_LANGUAGE_STANDARD = "gnu++0x";
				CLANG_CXX_LIBRARY = "libc++";
				CLANG_ENABLE_MODULES = YES;
				CLANG_ENABLE_OBJC_ARC = YES;
				CLANG_WARN_BOOL_CONVERSION = YES;
				CLANG_WARN_CONSTANT_CONVERSION = YES;
				CLANG_WARN_DIRECT_OBJC_ISA_USAGE = YES_ERROR;
				CLANG_WARN_EMPTY_BODY = YES;
				CLANG_WARN_ENUM_CONVERSION = YES;
				CLANG_WARN_INT_CONVERSION = YES;
				CLANG_WARN_OBJC_ROOT_CLASS = YES_ERROR;
				CLANG_WARN_UNREACHABLE_CODE = YES;
				CLANG_WARN__DUPLICATE_METHOD_MATCH = YES;
				"CODE_SIGN_IDENTITY[sdk=iphoneos*]" = "iPhone Developer";
				COPY_PHASE_STRIP = NO;
				DEBUG_INFORMATION_FORMAT = dwarf;
				ENABLE_STRICT_OBJC_MSGSEND = YES;
				ENABLE_TESTABILITY = YES;
				GCC_C_LANGUAGE_STANDARD = gnu99;
				GCC_DYNAMIC_NO_PIC = NO;
				GCC_NO_COMMON_BLOCKS = YES;
				GCC_OPTIMIZATION_LEVEL = 0;
				GCC_PREPROCESSOR_DEFINITIONS = (
					"DEBUG=1",
					"$(inherited)",
				);
				GCC_WARN_64_TO_32_BIT_CONVERSION = YES;
				GCC_WARN_ABOUT_RETURN_TYPE = YES_ERROR;
				GCC_WARN_UNDECLARED_SELECTOR = YES;
				GCC_WARN_UNINITIALIZED_AUTOS = YES_AGGRESSIVE;
				GCC_WARN_UNUSED_FUNCTION = YES;
				GCC_WARN_UNUSED_VARIABLE = YES;
				IPHONEOS_DEPLOYMENT_TARGET = 9.2;
				MTL_ENABLE_DEBUG_INFO = YES;
				ONLY_ACTIVE_ARCH = YES;
				SDKROOT = iphoneos;
			};
			name = Debug;
		};
		EFC458531CA529E700421855 /* Release */ = {
			isa = XCBuildConfiguration;
			buildSettings = {
				ALWAYS_SEARCH_USER_PATHS = NO;
				CLANG_CXX_LANGUAGE_STANDARD = "gnu++0x";
				CLANG_CXX_LIBRARY = "libc++";
				CLANG_ENABLE_MODULES = YES;
				CLANG_ENABLE_OBJC_ARC = YES;
				CLANG_WARN_BOOL_CONVERSION = YES;
				CLANG_WARN_CONSTANT_CONVERSION = YES;
				CLANG_WARN_DIRECT_OBJC_ISA_USAGE = YES_ERROR;
				CLANG_WARN_EMPTY_BODY = YES;
				CLANG_WARN_ENUM_CONVERSION = YES;
				CLANG_WARN_INT_CONVERSION = YES;
				CLANG_WARN_OBJC_ROOT_CLASS = YES_ERROR;
				CLANG_WARN_UNREACHABLE_CODE = YES;
				CLANG_WARN__DUPLICATE_METHOD_MATCH = YES;
				"CODE_SIGN_IDENTITY[sdk=iphoneos*]" = "iPhone Developer";
				COPY_PHASE_STRIP = NO;
				DEBUG_INFORMATION_FORMAT = "dwarf-with-dsym";
				ENABLE_NS_ASSERTIONS = NO;
				ENABLE_STRICT_OBJC_MSGSEND = YES;
				GCC_C_LANGUAGE_STANDARD = gnu99;
				GCC_NO_COMMON_BLOCKS = YES;
				GCC_WARN_64_TO_32_BIT_CONVERSION = YES;
				GCC_WARN_ABOUT_RETURN_TYPE = YES_ERROR;
				GCC_WARN_UNDECLARED_SELECTOR = YES;
				GCC_WARN_UNINITIALIZED_AUTOS = YES_AGGRESSIVE;
				GCC_WARN_UNUSED_FUNCTION = YES;
				GCC_WARN_UNUSED_VARIABLE = YES;
				IPHONEOS_DEPLOYMENT_TARGET = 9.2;
				MTL_ENABLE_DEBUG_INFO = NO;
				SDKROOT = iphoneos;
				VALIDATE_PRODUCT = YES;
			};
			name = Release;
		};
		EFC458551CA529E700421855 /* Debug */ = {
			isa = XCBuildConfiguration;
			buildSettings = {
				ASSETCATALOG_COMPILER_APPICON_NAME = AppIcon;
				INFOPLIST_FILE = "re-MVVMRAC/Info.plist";
				IPHONEOS_DEPLOYMENT_TARGET = 8.0;
				LD_RUNPATH_SEARCH_PATHS = "$(inherited) @executable_path/Frameworks";
				PRODUCT_BUNDLE_IDENTIFIER = "com.jiapache.re-MVVMRAC";
				PRODUCT_NAME = "$(TARGET_NAME)";
			};
			name = Debug;
		};
		EFC458561CA529E700421855 /* Release */ = {
			isa = XCBuildConfiguration;
			buildSettings = {
				ASSETCATALOG_COMPILER_APPICON_NAME = AppIcon;
				INFOPLIST_FILE = "re-MVVMRAC/Info.plist";
				IPHONEOS_DEPLOYMENT_TARGET = 8.0;
				LD_RUNPATH_SEARCH_PATHS = "$(inherited) @executable_path/Frameworks";
				PRODUCT_BUNDLE_IDENTIFIER = "com.jiapache.re-MVVMRAC";
				PRODUCT_NAME = "$(TARGET_NAME)";
			};
			name = Release;
		};
		EFC458581CA529E700421855 /* Debug */ = {
			isa = XCBuildConfiguration;
			buildSettings = {
				BUNDLE_LOADER = "$(TEST_HOST)";
				INFOPLIST_FILE = "re-MVVMRACTests/Info.plist";
				LD_RUNPATH_SEARCH_PATHS = "$(inherited) @executable_path/Frameworks @loader_path/Frameworks";
				PRODUCT_BUNDLE_IDENTIFIER = "com.jiapache.re-MVVMRACTests";
				PRODUCT_NAME = "$(TARGET_NAME)";
				TEST_HOST = "$(BUILT_PRODUCTS_DIR)/re-MVVMRAC.app/re-MVVMRAC";
			};
			name = Debug;
		};
		EFC458591CA529E700421855 /* Release */ = {
			isa = XCBuildConfiguration;
			buildSettings = {
				BUNDLE_LOADER = "$(TEST_HOST)";
				INFOPLIST_FILE = "re-MVVMRACTests/Info.plist";
				LD_RUNPATH_SEARCH_PATHS = "$(inherited) @executable_path/Frameworks @loader_path/Frameworks";
				PRODUCT_BUNDLE_IDENTIFIER = "com.jiapache.re-MVVMRACTests";
				PRODUCT_NAME = "$(TARGET_NAME)";
				TEST_HOST = "$(BUILT_PRODUCTS_DIR)/re-MVVMRAC.app/re-MVVMRAC";
			};
			name = Release;
		};
		EFC4585B1CA529E700421855 /* Debug */ = {
			isa = XCBuildConfiguration;
			buildSettings = {
				INFOPLIST_FILE = "re-MVVMRACUITests/Info.plist";
				LD_RUNPATH_SEARCH_PATHS = "$(inherited) @executable_path/Frameworks @loader_path/Frameworks";
				PRODUCT_BUNDLE_IDENTIFIER = "com.jiapache.re-MVVMRACUITests";
				PRODUCT_NAME = "$(TARGET_NAME)";
				TEST_TARGET_NAME = "re-MVVMRAC";
				USES_XCTRUNNER = YES;
			};
			name = Debug;
		};
		EFC4585C1CA529E700421855 /* Release */ = {
			isa = XCBuildConfiguration;
			buildSettings = {
				INFOPLIST_FILE = "re-MVVMRACUITests/Info.plist";
				LD_RUNPATH_SEARCH_PATHS = "$(inherited) @executable_path/Frameworks @loader_path/Frameworks";
				PRODUCT_BUNDLE_IDENTIFIER = "com.jiapache.re-MVVMRACUITests";
				PRODUCT_NAME = "$(TARGET_NAME)";
				TEST_TARGET_NAME = "re-MVVMRAC";
				USES_XCTRUNNER = YES;
			};
			name = Release;
		};
/* End XCBuildConfiguration section */

/* Begin XCConfigurationList section */
		EFC458221CA529E700421855 /* Build configuration list for PBXProject "re-MVVMRAC" */ = {
			isa = XCConfigurationList;
			buildConfigurations = (
				EFC458521CA529E700421855 /* Debug */,
				EFC458531CA529E700421855 /* Release */,
			);
			defaultConfigurationIsVisible = 0;
			defaultConfigurationName = Release;
		};
		EFC458541CA529E700421855 /* Build configuration list for PBXNativeTarget "re-MVVMRAC" */ = {
			isa = XCConfigurationList;
			buildConfigurations = (
				EFC458551CA529E700421855 /* Debug */,
				EFC458561CA529E700421855 /* Release */,
			);
			defaultConfigurationIsVisible = 0;
		};
		EFC458571CA529E700421855 /* Build configuration list for PBXNativeTarget "re-MVVMRACTests" */ = {
			isa = XCConfigurationList;
			buildConfigurations = (
				EFC458581CA529E700421855 /* Debug */,
				EFC458591CA529E700421855 /* Release */,
			);
			defaultConfigurationIsVisible = 0;
		};
		EFC4585A1CA529E700421855 /* Build configuration list for PBXNativeTarget "re-MVVMRACUITests" */ = {
			isa = XCConfigurationList;
			buildConfigurations = (
				EFC4585B1CA529E700421855 /* Debug */,
				EFC4585C1CA529E700421855 /* Release */,
			);
			defaultConfigurationIsVisible = 0;
		};
/* End XCConfigurationList section */
	};
	rootObject = EFC4581F1CA529E700421855 /* Project object */;
}
